
Microsoft Visual Studio Solution File, Format Version 12.00
# Visual Studio Version 17
VisualStudioVersion = 17.8.34330.188
MinimumVisualStudioVersion = 10.0.40219.1
Project("{9A19103F-16F7-4668-BE54-9A1E7A4F7556}") = "TryingForFirstTime", "TryingForFirstTime\TryingForFirstTime.csproj", "{EDDC50C7-2FEE-4C6A-A0F8-45789D3999E7}"
EndProject
Global
	GlobalSection(SolutionConfigurationPlatforms) = preSolution
		Debug|Any CPU = Debug|Any CPU
		Release|Any CPU = Release|Any CPU
	EndGlobalSection
	GlobalSection(ProjectConfigurationPlatforms) = postSolution
		{EDDC50C7-2FEE-4C6A-A0F8-45789D3999E7}.Debug|Any CPU.ActiveCfg = Debug|Any CPU
		{EDDC50C7-2FEE-4C6A-A0F8-45789D3999E7}.Debug|Any CPU.Build.0 = Debug|Any CPU
		{EDDC50C7-2FEE-4C6A-A0F8-45789D3999E7}.Release|Any CPU.ActiveCfg = Release|Any CPU
		{EDDC50C7-2FEE-4C6A-A0F8-45789D3999E7}.Release|Any CPU.Build.0 = Release|Any CPU
	EndGlobalSection
	GlobalSection(SolutionProperties) = preSolution
		HideSolutionNode = FALSE
	EndGlobalSection
	GlobalSection(ExtensibilityGlobals) = postSolution
		SolutionGuid = {BFE3EA9C-7BDD-44F2-8746-012A2B4A394D}
	EndGlobalSection
EndGlobal
